
Microsoft Visual Studio Solution File, Format Version 12.00
# Visual Studio Version 17
VisualStudioVersion = 17.8.34322.80
MinimumVisualStudioVersion = 10.0.40219.1
Project("{FAE04EC0-301F-11D3-BF4B-00C04F79EFBC}") = "Week15OOPAndFiles", "Week15OOPAndFiles\Week15OOPAndFiles.csproj", "{8482FFC8-96C4-4E38-864E-1F3BC0AF95DF}"
EndProject
Global
	GlobalSection(SolutionConfigurationPlatforms) = preSolution
		Debug|Any CPU = Debug|Any CPU
		Release|Any CPU = Release|Any CPU
	EndGlobalSection
	GlobalSection(ProjectConfigurationPlatforms) = postSolution
		{8482FFC8-96C4-4E38-864E-1F3BC0AF95DF}.Debug|Any CPU.ActiveCfg = Debug|Any CPU
		{8482FFC8-96C4-4E38-864E-1F3BC0AF95DF}.Debug|Any CPU.Build.0 = Debug|Any CPU
		{8482FFC8-96C4-4E38-864E-1F3BC0AF95DF}.Release|Any CPU.ActiveCfg = Release|Any CPU
		{8482FFC8-96C4-4E38-864E-1F3BC0AF95DF}.Release|Any CPU.Build.0 = Release|Any CPU
	EndGlobalSection
	GlobalSection(SolutionProperties) = preSolution
		HideSolutionNode = FALSE
	EndGlobalSection
	GlobalSection(ExtensibilityGlobals) = postSolution
		SolutionGuid = {1CC4E6ED-6CF5-4CFE-B3CA-08BD12BE89BB}
	EndGlobalSection
EndGlobal
